
Microsoft Visual Studio Solution File, Format Version 12.00
# Visual Studio 2013
VisualStudioVersion = 12.0.40629.0
MinimumVisualStudioVersion = 10.0.40219.1
Project("{8BC9CEB8-8B4A-11D0-8D11-00A0C91BC942}") = "PA193_test_parser_NEM", "PA193_test_parser_NEM.vcxproj", "{C0676232-0D81-4080-A6B2-0ED666ED83B4}"
EndProject
Project("{8BC9CEB8-8B4A-11D0-8D11-00A0C91BC942}") = "tests", "tests\tests.vcxproj", "{C37D7A0D-E8B1-4C03-A1B9-448C83A393C0}"
	ProjectSection(ProjectDependencies) = postProject
		{C0676232-0D81-4080-A6B2-0ED666ED83B4} = {C0676232-0D81-4080-A6B2-0ED666ED83B4}
	EndProjectSection
EndProject
Global
	GlobalSection(SolutionConfigurationPlatforms) = preSolution
		Debug|Win32 = Debug|Win32
		Release|Win32 = Release|Win32
	EndGlobalSection
	GlobalSection(ProjectConfigurationPlatforms) = postSolution
		{C0676232-0D81-4080-A6B2-0ED666ED83B4}.Debug|Win32.ActiveCfg = Debug|Win32
		{C0676232-0D81-4080-A6B2-0ED666ED83B4}.Debug|Win32.Build.0 = Debug|Win32
		{C0676232-0D81-4080-A6B2-0ED666ED83B4}.Release|Win32.ActiveCfg = Release|Win32
		{C0676232-0D81-4080-A6B2-0ED666ED83B4}.Release|Win32.Build.0 = Release|Win32
		{C37D7A0D-E8B1-4C03-A1B9-448C83A393C0}.Debug|Win32.ActiveCfg = Debug|Win32
		{C37D7A0D-E8B1-4C03-A1B9-448C83A393C0}.Debug|Win32.Build.0 = Debug|Win32
		{C37D7A0D-E8B1-4C03-A1B9-448C83A393C0}.Release|Win32.ActiveCfg = Release|Win32
		{C37D7A0D-E8B1-4C03-A1B9-448C83A393C0}.Release|Win32.Build.0 = Release|Win32
	EndGlobalSection
	GlobalSection(SolutionProperties) = preSolution
		HideSolutionNode = FALSE
	EndGlobalSection
EndGlobal
